
Microsoft Visual Studio Solution File, Format Version 12.00
Project("{FAE04EC0-301F-11D3-BF4B-00C04F79EFBC}") = "AllRecipes_API", "AllRecipes_API\AllRecipes_API.csproj", "{0FABFF18-E443-44BF-A05D-F9B84A509DEC}"
EndProject
Global
	GlobalSection(SolutionConfigurationPlatforms) = preSolution
		Debug|Any CPU = Debug|Any CPU
		Release|Any CPU = Release|Any CPU
	EndGlobalSection
	GlobalSection(ProjectConfigurationPlatforms) = postSolution
		{0FABFF18-E443-44BF-A05D-F9B84A509DEC}.Debug|Any CPU.ActiveCfg = Debug|Any CPU
		{0FABFF18-E443-44BF-A05D-F9B84A509DEC}.Debug|Any CPU.Build.0 = Debug|Any CPU
		{0FABFF18-E443-44BF-A05D-F9B84A509DEC}.Release|Any CPU.ActiveCfg = Release|Any CPU
		{0FABFF18-E443-44BF-A05D-F9B84A509DEC}.Release|Any CPU.Build.0 = Release|Any CPU
	EndGlobalSection
EndGlobal
